
Microsoft Visual Studio Solution File, Format Version 11.00
# Visual Studio 2010
Project("{FAE04EC0-301F-11D3-BF4B-00C04F79EFBC}") = "MvcMusicStore", "MvcMusicStore\MvcMusicStore.csproj", "{773C9F28-0014-4AFC-8A74-8D502E93A2DC}"
EndProject
Global
	GlobalSection(SolutionConfigurationPlatforms) = preSolution
		Debug|Any CPU = Debug|Any CPU
		Release|Any CPU = Release|Any CPU
	EndGlobalSection
	GlobalSection(ProjectConfigurationPlatforms) = postSolution
		{773C9F28-0014-4AFC-8A74-8D502E93A2DC}.Debug|Any CPU.ActiveCfg = Debug|Any CPU
		{773C9F28-0014-4AFC-8A74-8D502E93A2DC}.Debug|Any CPU.Build.0 = Debug|Any CPU
		{773C9F28-0014-4AFC-8A74-8D502E93A2DC}.Release|Any CPU.ActiveCfg = Release|Any CPU
		{773C9F28-0014-4AFC-8A74-8D502E93A2DC}.Release|Any CPU.Build.0 = Release|Any CPU
	EndGlobalSection
	GlobalSection(SolutionProperties) = preSolution
		HideSolutionNode = FALSE
	EndGlobalSection
EndGlobal
